
Microsoft Visual Studio Solution File, Format Version 12.00
# Visual Studio Version 16
VisualStudioVersion = 16.0.33920.266
MinimumVisualStudioVersion = 10.0.40219.1
Project("{FAE04EC0-301F-11D3-BF4B-00C04F79EFBC}") = "ClassMonitoring", "ClassMonitoring\ClassMonitoring.csproj", "{F55F170A-6CE8-4011-958B-C431FA9AD639}"
EndProject
Global
	GlobalSection(SolutionConfigurationPlatforms) = preSolution
		Debug|Any CPU = Debug|Any CPU
		Release|Any CPU = Release|Any CPU
	EndGlobalSection
	GlobalSection(ProjectConfigurationPlatforms) = postSolution
		{F55F170A-6CE8-4011-958B-C431FA9AD639}.Debug|Any CPU.ActiveCfg = Debug|Any CPU
		{F55F170A-6CE8-4011-958B-C431FA9AD639}.Debug|Any CPU.Build.0 = Debug|Any CPU
		{F55F170A-6CE8-4011-958B-C431FA9AD639}.Release|Any CPU.ActiveCfg = Release|Any CPU
		{F55F170A-6CE8-4011-958B-C431FA9AD639}.Release|Any CPU.Build.0 = Release|Any CPU
	EndGlobalSection
	GlobalSection(SolutionProperties) = preSolution
		HideSolutionNode = FALSE
	EndGlobalSection
	GlobalSection(ExtensibilityGlobals) = postSolution
		SolutionGuid = {C78B4D5E-C362-4ABE-BF4D-067BE093AB61}
	EndGlobalSection
EndGlobal
